// !$*UTF8*$!
{
	archiveVersion = 1;
	classes = {
	};
	objectVersion = 46;
	objects = {

/* Begin PBXBuildFile section */
		EA343DE11AB0090800E4A03F /* Ahmed.c in Sources */ = {isa = PBXBuildFile; fileRef = EA343DE01AB0090800E4A03F /* Ahmed.c */; };
/* End PBXBuildFile section */

/* Begin PBXFileReference section */
		EA343DD81AB0038300E4A03F /* libAhmed.a */ = {isa = PBXFileReference; explicitFileType = archive.ar; includeInIndex = 0; path = libAhmed.a; sourceTree = BUILT_PRODUCTS_DIR; };
		EA343DDF1AB0039E00E4A03F /* Ahmed.h */ = {isa = PBXFileReference; lastKnownFileType = sourcecode.c.h; path = Ahmed.h; sourceTree = "<group>"; };
		EA343DE01AB0090800E4A03F /* Ahmed.c */ = {isa = PBXFileReference; fileEncoding = 4; lastKnownFileType = sourcecode.c.c; path = Ahmed.c; sourceTree = "<group>"; };
/* End PBXFileReference section */

/* Begin PBXFrameworksBuildPhase section */
		EA343DD51AB0038300E4A03F /* Frameworks */ = {
			isa = PBXFrameworksBuildPhase;
			buildActionMask = 2147483647;
			files = (
			);
			runOnlyForDeploymentPostprocessing = 0;
		};
/* End PBXFrameworksBuildPhase section */

/* Begin PBXGroup section */
		EA343DCF1AB0038300E4A03F = {
			isa = PBXGroup;
			children = (
				EA343DDF1AB0039E00E4A03F /* Ahmed.h */,
				EA343DE01AB0090800E4A03F /* Ahmed.c */,
				EA343DD91AB0038300E4A03F /* Products */,
			);
			sourceTree = "<group>";
		};
		EA343DD91AB0038300E4A03F /* Products */ = {
			isa = PBXGroup;
			children = (
				EA343DD81AB0038300E4A03F /* libAhmed.a */,
			);
			name = Products;
			sourceTree = "<group>";
		};
/* End PBXGroup section */

/* Begin PBXHeadersBuildPhase section */
		EA343DD61AB0038300E4A03F /* Headers */ = {
			isa = PBXHeadersBuildPhase;
			buildActionMask = 2147483647;
			files = (
			);
			runOnlyForDeploymentPostprocessing = 0;
		};
/* End PBXHeadersBuildPhase section */

/* Begin PBXNativeTarget section */
		EA343DD71AB0038300E4A03F /* Ahmed */ = {
			isa = PBXNativeTarget;
			buildConfigurationList = EA343DDC1AB0038300E4A03F /* Build configuration list for PBXNativeTarget "Ahmed" */;
			buildPhases = (
				EA343DD41AB0038300E4A03F /* Sources */,
				EA343DD51AB0038300E4A03F /* Frameworks */,
				EA343DD61AB0038300E4A03F /* Headers */,
			);
			buildRules = (
			);
			dependencies = (
			);
			name = Ahmed;
			productName = Ahmed;
			productReference = EA343DD81AB0038300E4A03F /* libAhmed.a */;
			productType = "com.apple.product-type.library.static";
		};
/* End PBXNativeTarget section */

/* Begin PBXProject section */
		EA343DD01AB0038300E4A03F /* Project object */ = {
			isa = PBXProject;
			attributes = {
				LastUpgradeCheck = 0610;
				ORGANIZATIONNAME = "Ahmed Masoud";
				TargetAttributes = {
					EA343DD71AB0038300E4A03F = {
						CreatedOnToolsVersion = 6.1.1;
					};
				};
			};
			buildConfigurationList = EA343DD31AB0038300E4A03F /* Build configuration list for PBXProject "Ahmed" */;
			compatibilityVersion = "Xcode 3.2";
			developmentRegion = English;
			hasScannedForEncodings = 0;
			knownRegions = (
				en,
			);
			mainGroup = EA343DCF1AB0038300E4A03F;
			productRefGroup = EA343DD91AB0038300E4A03F /* Products */;
			projectDirPath = "";
			projectRoot = "";
			targets = (
				EA343DD71AB0038300E4A03F /* Ahmed */,
			);
		};
/* End PBXProject section */

/* Begin PBXSourcesBuildPhase section */
		EA343DD41AB0038300E4A03F /* Sources */ = {
			isa = PBXSourcesBuildPhase;
			buildActionMask = 2147483647;
			files = (
				EA343DE11AB0090800E4A03F /* Ahmed.c in Sources */,
			);
			runOnlyForDeploymentPostprocessing = 0;
		};
/* End PBXSourcesBuildPhase section */

/* Begin XCBuildConfiguration section */
		EA343DDA1AB0038300E4A03F /* Debug */ = {
			isa = XCBuildConfiguration;
			buildSettings = {
				ALWAYS_SEARCH_USER_PATHS = NO;
				CLANG_CXX_LANGUAGE_STANDARD = "gnu++0x";
				CLANG_CXX_LIBRARY = "libc++";
				CLANG_ENABLE_MODULES = YES;
				CLANG_ENABLE_OBJC_ARC = YES;
				CLANG_WARN_BOOL_CONVERSION = YES;
				CLANG_WARN_CONSTANT_CONVERSION = YES;
				CLANG_WARN_DIRECT_OBJC_ISA_USAGE = YES_ERROR;
				CLANG_WARN_EMPTY_BODY = YES;
				CLANG_WARN_ENUM_CONVERSION = YES;
				CLANG_WARN_INT_CONVERSION = YES;
				CLANG_WARN_OBJC_ROOT_CLASS = YES_ERROR;
				CLANG_WARN_UNREACHABLE_CODE = YES;
				CLANG_WARN__DUPLICATE_METHOD_MATCH = YES;
				COPY_PHASE_STRIP = NO;
				ENABLE_STRICT_OBJC_MSGSEND = YES;
				GCC_C_LANGUAGE_STANDARD = gnu99;
				GCC_DYNAMIC_NO_PIC = NO;
				GCC_OPTIMIZATION_LEVEL = 0;
				GCC_PREPROCESSOR_DEFINITIONS = (
					"DEBUG=1",
					"$(inherited)",
				);
				GCC_SYMBOLS_PRIVATE_EXTERN = NO;
				GCC_WARN_64_TO_32_BIT_CONVERSION = YES;
				GCC_WARN_ABOUT_RETURN_TYPE = YES_ERROR;
				GCC_WARN_UNDECLARED_SELECTOR = YES;
				GCC_WARN_UNINITIALIZED_AUTOS = YES_AGGRESSIVE;
				GCC_WARN_UNUSED_FUNCTION = YES;
				GCC_WARN_UNUSED_VARIABLE = YES;
				MACOSX_DEPLOYMENT_TARGET = 10.10;
				MTL_ENABLE_DEBUG_INFO = YES;
				ONLY_ACTIVE_ARCH = YES;
				SDKROOT = macosx;
			};
			name = Debug;
		};
		EA343DDB1AB0038300E4A03F /* Release */ = {
			isa = XCBuildConfiguration;
			buildSettings = {
				ALWAYS_SEARCH_USER_PATHS = NO;
				CLANG_CXX_LANGUAGE_STANDARD = "gnu++0x";
				CLANG_CXX_LIBRARY = "libc++";
				CLANG_ENABLE_MODULES = YES;
				CLANG_ENABLE_OBJC_ARC = YES;
				CLANG_WARN_BOOL_CONVERSION = YES;
				CLANG_WARN_CONSTANT_CONVERSION = YES;
				CLANG_WARN_DIRECT_OBJC_ISA_USAGE = YES_ERROR;
				CLANG_WARN_EMPTY_BODY = YES;
				CLANG_WARN_ENUM_CONVERSION = YES;
				CLANG_WARN_INT_CONVERSION = YES;
				CLANG_WARN_OBJC_ROOT_CLASS = YES_ERROR;
				CLANG_WARN_UNREACHABLE_CODE = YES;
				CLANG_WARN__DUPLICATE_METHOD_MATCH = YES;
				COPY_PHASE_STRIP = YES;
				DEBUG_INFORMATION_FORMAT = "dwarf-with-dsym";
				ENABLE_NS_ASSERTIONS = NO;
				ENABLE_STRICT_OBJC_MSGSEND = YES;
				GCC_C_LANGUAGE_STANDARD = gnu99;
				GCC_WARN_64_TO_32_BIT_CONVERSION = YES;
				GCC_WARN_ABOUT_RETURN_TYPE = YES_ERROR;
				GCC_WARN_UNDECLARED_SELECTOR = YES;
				GCC_WARN_UNINITIALIZED_AUTOS = YES_AGGRESSIVE;
				GCC_WARN_UNUSED_FUNCTION = YES;
				GCC_WARN_UNUSED_VARIABLE = YES;
				MACOSX_DEPLOYMENT_TARGET = 10.10;
				MTL_ENABLE_DEBUG_INFO = NO;
				SDKROOT = macosx;
			};
			name = Release;
		};
		EA343DDD1AB0038300E4A03F /* Debug */ = {
			isa = XCBuildConfiguration;
			buildSettings = {
				EXECUTABLE_PREFIX = lib;
				PRODUCT_NAME = "$(TARGET_NAME)";
			};
			name = Debug;
		};
		EA343DDE1AB0038300E4A03F /* Release */ = {
			isa = XCBuildConfiguration;
			buildSettings = {
				EXECUTABLE_PREFIX = lib;
				PRODUCT_NAME = "$(TARGET_NAME)";
			};
			name = Release;
		};
/* End XCBuildConfiguration section */

/* Begin XCConfigurationList section */
		EA343DD31AB0038300E4A03F /* Build configuration list for PBXProject "Ahmed" */ = {
			isa = XCConfigurationList;
			buildConfigurations = (
				EA343DDA1AB0038300E4A03F /* Debug */,
				EA343DDB1AB0038300E4A03F /* Release */,
			);
			defaultConfigurationIsVisible = 0;
			defaultConfigurationName = Release;
		};
		EA343DDC1AB0038300E4A03F /* Build configuration list for PBXNativeTarget "Ahmed" */ = {
			isa = XCConfigurationList;
			buildConfigurations = (
				EA343DDD1AB0038300E4A03F /* Debug */,
				EA343DDE1AB0038300E4A03F /* Release */,
			);
			defaultConfigurationIsVisible = 0;
		};
/* End XCConfigurationList section */
	};
	rootObject = EA343DD01AB0038300E4A03F /* Project object */;
}
